<?xml version="1.0" encoding="utf-8"?>
<Project ToolsVersion="4.0" xmlns="http://schemas.microsoft.com/developer/msbuild/2003">
  <ItemGroup>
    <ClCompile Include="Common\Assert.ixx" />
    <ClCompile Include="Common\Common.ixx" />
    <ClCompile Include="Support\Memory\Memory.ixx" />
    <ClCompile Include="Common\RTTI.ixx" />
    <ClCompile Include="Common\Types.ixx" />
    <ClCompile Include="Support\ECS\ArchetypeChunk.ixx" />
    <ClCompile Include="Support\ECS\ComponentManager.ixx" />
    <ClCompile Include="Support\ECS\ECS.ixx" />
    <ClCompile Include="Support\ECS\EntityManager.ixx" />
    <ClCompile Include="Support\Memory\Page.ixx" />
    <ClCompile Include="SolbitEngine\Core\Renderer\Renderer.ixx" />
    <ClCompile Include="Support\ECS\Archetype.ixx" />
    <ClCompile Include="Support\ECS\Entity.ixx" />
    <ClCompile Include="main.cpp" />
    <ClCompile Include="Support\STL\Array.ixx" />
    <ClCompile Include="Support\STL\HashMap.ixx" />
    <ClCompile Include="Support\STL\HashSet.ixx" />
    <ClCompile Include="Support\STL\List.ixx" />
    <ClCompile Include="Support\STL\Queue.ixx" />
    <ClCompile Include="Support\STL\Stack.ixx" />
    <ClCompile Include="Support\STL\String.ixx" />
    <ClCompile Include="Support\STL\Vector.ixx" />
    <ClCompile Include="Support\STL\Utility.ixx" />
    <ClCompile Include="Support\ECS\ISystem.ixx" />
    <ClCompile Include="SolbitEngine\Core\GameObject\GameObject.ixx" />
    <ClCompile Include="Support\Math\FVector2.ixx" />
    <ClCompile Include="Support\Math\Math.ixx" />
    <ClCompile Include="SolbitEngine\Core\Component\2D\RigidBody2D.ixx" />
    <ClCompile Include="SolbitEngine\Core\Component\2D\Transform2D.ixx" />
    <ClCompile Include="SolbitEngine\Core\Component\2D\SpriteRenderer.ixx" />
    <ClCompile Include="SolbitEngine\Core\System\Render\SpriteRenderSystem.ixx" />
    <ClCompile Include="Support\Math\FRectangle.ixx" />
    <ClCompile Include="SolbitEngine\Core\Resource\TextureManager.ixx" />
    <ClCompile Include="Common\SName.ixx" />
    <ClCompile Include="SolbitEngine\Core\Resource\Texture.ixx" />
    <ClCompile Include="Support\Math\IVector2.ixx" />
    <ClCompile Include="Support\Math\Basic.ixx" />
    <ClCompile Include="SolbitEngine\Core\Component\2D\PixelPerfectCamera.ixx" />
    <ClCompile Include="Support\Math\IRectangle.ixx" />
    <ClCompile Include="SolbitEngine\Core\Scene\SceneManager.ixx" />
    <ClCompile Include="SolbitEngine\Core\Scene\Scene.ixx" />
    <ClCompile Include="SolbitEngine\Core\System\Render\PixelPerfectSpriteRenderSystem.ixx" />
    <ClCompile Include="SolbitEngine\Core\Component\Component.ixx" />
    <ClCompile Include="SolbitEngine\Core\System\Physics\RigidbodyPhysicsSystem.ixx" />
    <ClCompile Include="SolbitEngine\Core\Component\2D\BoxCollider2D.ixx" />
    <ClCompile Include="SolbitEngine\Core\Resource\PhysicalMaterial.ixx" />
    <ClCompile Include="Support\STL\SolbitSTL.ixx" />
    <ClCompile Include="Support\Memory\Alloc.ixx" />
    <ClCompile Include="SolbitEngine\Core\Resource\Resource.ixx" />
    <ClCompile Include="SolbitEngine\Core\Resource\PhysicMaterialManager.ixx" />
    <ClCompile Include="SolbitEngine\Core\Input\Input.ixx" />
    <ClCompile Include="SolbitEngine\Core\Input\EInputCode.ixx" />
    <ClCompile Include="SolbitEngine\Game\Player.ixx" />
    <ClCompile Include="SolbitEngine\Core\Physics\2D\Collision2D.ixx" />
    <ClCompile Include="SolbitEngine\Core\Physics\2D\Physics2D.ixx" />
    <ClCompile Include="SolbitEngine\Core\Component\2D\Tilemap.ixx" />
    <ClCompile Include="SolbitEngine\Core\Component\2D\TilemapRenderer.ixx" />
    <ClCompile Include="SolbitEngine\Core\System\Render\PixelPerfectTilemapRenderSystem.ixx" />
    <ClCompile Include="SolbitEngine\Core\Resource\Sprite.ixx" />
    <ClCompile Include="SolbitEngine\Core\Resource\SpriteManager.ixx" />
    <ClCompile Include="Support\ECS\EntityDataArray.ixx" />
    <ClCompile Include="SolbitEngine\Core\Time\Time.ixx" />
    <ClCompile Include="SolbitEngine\Game\Tile.ixx" />
    <ClCompile Include="SolbitEngine\Core\Component\2D\PositionConstraint.ixx" />
    <ClCompile Include="SolbitEngine\Core\System\Constraint\PositionConstraintSystem.ixx" />
    <ClCompile Include="SolbitEngine\Core\Component\2D\ParallexBackground.ixx" />
    <ClCompile Include="SolbitEngine\Game\Background.ixx" />
    <ClCompile Include="SolbitEngine\Core\System\Render\ParallexBackgroundSys.ixx" />
    <ClCompile Include="SolbitEngine\Core\Component\2D\Animation.ixx" />
    <ClCompile Include="SolbitEngine\Core\Resource\AnimationData.ixx" />
    <ClCompile Include="SolbitEngine\Core\Resource\AnimtationManager.ixx" />
    <ClCompile Include="SolbitEngine\Core\System\Animation\AnimationSystem.ixx" />
    <ClCompile Include="SolbitEngine\Core\Resource\AudioData.ixx" />
    <ClCompile Include="SolbitEngine\Core\Resource\AudioDataManager.ixx" />
    <ClCompile Include="SolbitEngine\Core\Audio\Audio.ixx" />
    <ClCompile Include="SolbitEngine\Core\Resource\MusicData.ixx" />
    <ClCompile Include="SolbitEngine\Core\Resource\MusicDataManager.ixx" />
    <ClCompile Include="SolbitEngine\Core\Component\2D\CapsuleCollider2D.ixx" />
  </ItemGroup>
</Project>