<?xml version="1.0" encoding="utf-8"?>
<Project ToolsVersion="4.0" xmlns="http://schemas.microsoft.com/developer/msbuild/2003">
  <ItemGroup>
    <ClCompile Include="Common\Assert.ixx" />
    <ClCompile Include="Common\Common.ixx" />
    <ClCompile Include="Common\Memory.ixx" />
    <ClCompile Include="Common\TypeId.ixx" />
    <ClCompile Include="Common\Types.ixx" />
    <ClCompile Include="ECS\ArchetypeChunk.ixx" />
    <ClCompile Include="ECS\ComponentManager.ixx" />
    <ClCompile Include="ECS\ECS.ixx" />
    <ClCompile Include="ECS\EntityManager.ixx" />
    <ClCompile Include="MemPool\MemPool.ixx" />
    <ClCompile Include="MemPool\ObjectPool.ixx" />
    <ClCompile Include="MemPool\Page.ixx" />
    <ClCompile Include="Renderer\Renderer.ixx" />
    <ClCompile Include="ECS\Archetype.ixx" />
    <ClCompile Include="ECS\Entity.ixx" />
    <ClCompile Include="ECS\IComponent.ixx" />
    <ClCompile Include="main.cpp" />
    <ClCompile Include="HamSTL\Array.ixx" />
    <ClCompile Include="HamSTL\HamSTL.ixx" />
    <ClCompile Include="HamSTL\HashMap.ixx" />
    <ClCompile Include="HamSTL\HashSet.ixx" />
    <ClCompile Include="HamSTL\List.ixx" />
    <ClCompile Include="HamSTL\Queue.ixx" />
    <ClCompile Include="HamSTL\Stack.ixx" />
    <ClCompile Include="HamSTL\String.ixx" />
    <ClCompile Include="HamSTL\Vector.ixx" />
    <ClCompile Include="HamSTL\Utility.ixx" />
    <ClCompile Include="ECS\ISystem.ixx" />
    <ClCompile Include="HamEngine\GameObject.ixx" />
    <ClCompile Include="HamEngine\Component\Transform.ixx" />
    <ClCompile Include="Math\Vec2.ixx" />
    <ClCompile Include="Math\Float.ixx" />
    <ClCompile Include="Math\Math.ixx" />
  </ItemGroup>
</Project>