<?xml version="1.0" encoding="utf-8"?>
<Project ToolsVersion="4.0" xmlns="http://schemas.microsoft.com/developer/msbuild/2003">
  <ItemGroup>
    <ClCompile Include="Common\Assert.ixx" />
    <ClCompile Include="Common\Common.ixx" />
    <ClCompile Include="Common\Memory.ixx" />
    <ClCompile Include="Common\RTTI.ixx" />
    <ClCompile Include="Common\Types.ixx" />
    <ClCompile Include="ECS\ArchetypeChunk.ixx" />
    <ClCompile Include="ECS\ComponentManager.ixx" />
    <ClCompile Include="ECS\ECS.ixx" />
    <ClCompile Include="ECS\EntityManager.ixx" />
    <ClCompile Include="MemPool\MemPool.ixx" />
    <ClCompile Include="MemPool\ObjectPool.ixx" />
    <ClCompile Include="MemPool\Page.ixx" />
    <ClCompile Include="Renderer\Renderer.ixx" />
    <ClCompile Include="ECS\Archetype.ixx" />
    <ClCompile Include="ECS\Entity.ixx" />
    <ClCompile Include="main.cpp" />
    <ClCompile Include="HamSTL\Array.ixx" />
    <ClCompile Include="HamSTL\HamSTL.ixx" />
    <ClCompile Include="HamSTL\HashMap.ixx" />
    <ClCompile Include="HamSTL\HashSet.ixx" />
    <ClCompile Include="HamSTL\List.ixx" />
    <ClCompile Include="HamSTL\Queue.ixx" />
    <ClCompile Include="HamSTL\Stack.ixx" />
    <ClCompile Include="HamSTL\String.ixx" />
    <ClCompile Include="HamSTL\Vector.ixx" />
    <ClCompile Include="HamSTL\Utility.ixx" />
    <ClCompile Include="ECS\ISystem.ixx" />
    <ClCompile Include="Game\GameObject.ixx" />
    <ClCompile Include="Math\Vec2.ixx" />
    <ClCompile Include="Math\Math.ixx" />
    <ClCompile Include="Component\2D\RigidBody2D.ixx" />
    <ClCompile Include="Component\2D\Transform2D.ixx" />
    <ClCompile Include="Component\2D\SpriteRenderer.ixx" />
    <ClCompile Include="System\SpriteRenderSystem.ixx" />
    <ClCompile Include="ECS\ComponentPack.ixx" />
    <ClCompile Include="Math\Rect.ixx" />
    <ClCompile Include="ResourceManager\TextureManager.ixx" />
    <ClCompile Include="Common\HName.ixx" />
    <ClCompile Include="ResourceManager\Texture.ixx" />
    <ClCompile Include="ResourceManager\ResourceManager.ixx" />
    <ClCompile Include="Math\Vec2i.ixx" />
    <ClCompile Include="Math\Basic.ixx" />
    <ClCompile Include="Component\2D\PixelPerfectCamera.ixx" />
    <ClCompile Include="Math\Recti.ixx" />
    <ClCompile Include="Game\SceneManager.ixx" />
    <ClCompile Include="Game\Scene.ixx" />
    <ClCompile Include="System\PixelPerfectSpriteRenderSystem.ixx" />
    <ClCompile Include="Component\Component.ixx" />
    <ClCompile Include="System\RigidbodyPhysicsSystem.ixx" />
    <ClCompile Include="Component\2D\BoxCollider2D.ixx" />
    <ClCompile Include="System\CollisionSystem.ixx" />
    <ClCompile Include="ResourceManager\PhysicMaterial.ixx" />
  </ItemGroup>
</Project>